
Microsoft Visual Studio Solution File, Format Version 12.00
# Visual Studio 15
VisualStudioVersion = 15.0.27703.2035
MinimumVisualStudioVersion = 10.0.40219.1
Project("{FAE04EC0-301F-11D3-BF4B-00C04F79EFBC}") = "CorefluxMQTTcSharpAPI", "CorefluxMqttUnityAPI\CorefluxMQTTcSharpAPI.csproj", "{6CD6C70B-110D-4CB8-AA9A-6459436CF785}"
EndProject
Global
	GlobalSection(SolutionConfigurationPlatforms) = preSolution
		Debug|Any CPU = Debug|Any CPU
		Release|Any CPU = Release|Any CPU
	EndGlobalSection
	GlobalSection(ProjectConfigurationPlatforms) = postSolution
		{6CD6C70B-110D-4CB8-AA9A-6459436CF785}.Debug|Any CPU.ActiveCfg = Debug|Any CPU
		{6CD6C70B-110D-4CB8-AA9A-6459436CF785}.Debug|Any CPU.Build.0 = Debug|Any CPU
		{6CD6C70B-110D-4CB8-AA9A-6459436CF785}.Release|Any CPU.ActiveCfg = Release|Any CPU
		{6CD6C70B-110D-4CB8-AA9A-6459436CF785}.Release|Any CPU.Build.0 = Release|Any CPU
	EndGlobalSection
	GlobalSection(SolutionProperties) = preSolution
		HideSolutionNode = FALSE
	EndGlobalSection
	GlobalSection(ExtensibilityGlobals) = postSolution
		SolutionGuid = {EE7A5BEC-5A27-4160-BB3E-AE373D2EF9A3}
	EndGlobalSection
EndGlobal
